
Microsoft Visual Studio Solution File, Format Version 12.00
# Visual Studio Version 17
VisualStudioVersion = 17.6.33723.286
MinimumVisualStudioVersion = 10.0.40219.1
Project("{FAE04EC0-301F-11D3-BF4B-00C04F79EFBC}") = "CadAmc", "CadAmc\CadAmc.csproj", "{1C2FC3D0-C842-4986-9341-616091AA6DAA}"
EndProject
Project("{FAE04EC0-301F-11D3-BF4B-00C04F79EFBC}") = "ClnAmc", "ClnAmc\ClnAmc.csproj", "{84066A7B-C69F-4DFD-9EEB-909A6E12899C}"
EndProject
Project("{FAE04EC0-301F-11D3-BF4B-00C04F79EFBC}") = "CpAmc", "CpAmc\CpAmc.csproj", "{ED0617AD-A47D-4098-B029-98AAEB013870}"
EndProject
Global
	GlobalSection(SolutionConfigurationPlatforms) = preSolution
		Debug|Any CPU = Debug|Any CPU
		Release|Any CPU = Release|Any CPU
	EndGlobalSection
	GlobalSection(ProjectConfigurationPlatforms) = postSolution
		{1C2FC3D0-C842-4986-9341-616091AA6DAA}.Debug|Any CPU.ActiveCfg = Debug|Any CPU
		{1C2FC3D0-C842-4986-9341-616091AA6DAA}.Debug|Any CPU.Build.0 = Debug|Any CPU
		{1C2FC3D0-C842-4986-9341-616091AA6DAA}.Release|Any CPU.ActiveCfg = Release|Any CPU
		{1C2FC3D0-C842-4986-9341-616091AA6DAA}.Release|Any CPU.Build.0 = Release|Any CPU
		{84066A7B-C69F-4DFD-9EEB-909A6E12899C}.Debug|Any CPU.ActiveCfg = Debug|Any CPU
		{84066A7B-C69F-4DFD-9EEB-909A6E12899C}.Debug|Any CPU.Build.0 = Debug|Any CPU
		{84066A7B-C69F-4DFD-9EEB-909A6E12899C}.Release|Any CPU.ActiveCfg = Release|Any CPU
		{84066A7B-C69F-4DFD-9EEB-909A6E12899C}.Release|Any CPU.Build.0 = Release|Any CPU
		{ED0617AD-A47D-4098-B029-98AAEB013870}.Debug|Any CPU.ActiveCfg = Debug|Any CPU
		{ED0617AD-A47D-4098-B029-98AAEB013870}.Debug|Any CPU.Build.0 = Debug|Any CPU
		{ED0617AD-A47D-4098-B029-98AAEB013870}.Release|Any CPU.ActiveCfg = Release|Any CPU
		{ED0617AD-A47D-4098-B029-98AAEB013870}.Release|Any CPU.Build.0 = Release|Any CPU
	EndGlobalSection
	GlobalSection(SolutionProperties) = preSolution
		HideSolutionNode = FALSE
	EndGlobalSection
	GlobalSection(ExtensibilityGlobals) = postSolution
		SolutionGuid = {E0C49F13-CB61-4A46-B6A9-AD8F54A8840E}
	EndGlobalSection
EndGlobal
